
Microsoft Visual Studio Solution File, Format Version 12.00
# Visual Studio Version 16
VisualStudioVersion = 16.0.31005.135
MinimumVisualStudioVersion = 10.0.40219.1
Project("{FAE04EC0-301F-11D3-BF4B-00C04F79EFBC}") = "MineCraft Guide.UWP", "MineCraft Guide\MineCraft Guide.UWP\MineCraft Guide.UWP.csproj", "{C4889722-69B9-41AC-AA84-5FDEF1252291}"
EndProject
Project("{FAE04EC0-301F-11D3-BF4B-00C04F79EFBC}") = "MineCraft Guide.Android", "MineCraft Guide\MineCraft Guide.Android\MineCraft Guide.Android.csproj", "{D79DF25C-6B4F-4824-B2BD-DA2A32131259}"
EndProject
Project("{FAE04EC0-301F-11D3-BF4B-00C04F79EFBC}") = "MineCraft Guide.iOS", "MineCraft Guide\MineCraft Guide.iOS\MineCraft Guide.iOS.csproj", "{AC9939F6-AB3F-4EE8-A890-226972801A59}"
EndProject
Project("{FAE04EC0-301F-11D3-BF4B-00C04F79EFBC}") = "MineCraft Guide", "MineCraft Guide\MineCraft Guide\MineCraft Guide.csproj", "{4FA95363-1889-4F7D-8093-8BBFBE775AB8}"
EndProject
Global
	GlobalSection(SolutionConfigurationPlatforms) = preSolution
		Debug|Any CPU = Debug|Any CPU
		Debug|ARM = Debug|ARM
		Debug|iPhone = Debug|iPhone
		Debug|iPhoneSimulator = Debug|iPhoneSimulator
		Debug|x64 = Debug|x64
		Debug|x86 = Debug|x86
		Release|Any CPU = Release|Any CPU
		Release|ARM = Release|ARM
		Release|iPhone = Release|iPhone
		Release|iPhoneSimulator = Release|iPhoneSimulator
		Release|x64 = Release|x64
		Release|x86 = Release|x86
	EndGlobalSection
	GlobalSection(ProjectConfigurationPlatforms) = postSolution
		{C4889722-69B9-41AC-AA84-5FDEF1252291}.Debug|Any CPU.ActiveCfg = Debug|x86
		{C4889722-69B9-41AC-AA84-5FDEF1252291}.Debug|Any CPU.Build.0 = Debug|x86
		{C4889722-69B9-41AC-AA84-5FDEF1252291}.Debug|Any CPU.Deploy.0 = Debug|x86
		{C4889722-69B9-41AC-AA84-5FDEF1252291}.Debug|ARM.ActiveCfg = Debug|ARM
		{C4889722-69B9-41AC-AA84-5FDEF1252291}.Debug|ARM.Build.0 = Debug|ARM
		{C4889722-69B9-41AC-AA84-5FDEF1252291}.Debug|ARM.Deploy.0 = Debug|ARM
		{C4889722-69B9-41AC-AA84-5FDEF1252291}.Debug|iPhone.ActiveCfg = Debug|x86
		{C4889722-69B9-41AC-AA84-5FDEF1252291}.Debug|iPhone.Build.0 = Debug|x86
		{C4889722-69B9-41AC-AA84-5FDEF1252291}.Debug|iPhone.Deploy.0 = Debug|x86
		{C4889722-69B9-41AC-AA84-5FDEF1252291}.Debug|iPhoneSimulator.ActiveCfg = Debug|x86
		{C4889722-69B9-41AC-AA84-5FDEF1252291}.Debug|iPhoneSimulator.Build.0 = Debug|x86
		{C4889722-69B9-41AC-AA84-5FDEF1252291}.Debug|iPhoneSimulator.Deploy.0 = Debug|x86
		{C4889722-69B9-41AC-AA84-5FDEF1252291}.Debug|x64.ActiveCfg = Debug|x64
		{C4889722-69B9-41AC-AA84-5FDEF1252291}.Debug|x64.Build.0 = Debug|x64
		{C4889722-69B9-41AC-AA84-5FDEF1252291}.Debug|x64.Deploy.0 = Debug|x64
		{C4889722-69B9-41AC-AA84-5FDEF1252291}.Debug|x86.ActiveCfg = Debug|x86
		{C4889722-69B9-41AC-AA84-5FDEF1252291}.Debug|x86.Build.0 = Debug|x86
		{C4889722-69B9-41AC-AA84-5FDEF1252291}.Debug|x86.Deploy.0 = Debug|x86
		{C4889722-69B9-41AC-AA84-5FDEF1252291}.Release|Any CPU.ActiveCfg = Release|x86
		{C4889722-69B9-41AC-AA84-5FDEF1252291}.Release|Any CPU.Build.0 = Release|x86
		{C4889722-69B9-41AC-AA84-5FDEF1252291}.Release|Any CPU.Deploy.0 = Release|x86
		{C4889722-69B9-41AC-AA84-5FDEF1252291}.Release|ARM.ActiveCfg = Release|ARM
		{C4889722-69B9-41AC-AA84-5FDEF1252291}.Release|ARM.Build.0 = Release|ARM
		{C4889722-69B9-41AC-AA84-5FDEF1252291}.Release|ARM.Deploy.0 = Release|ARM
		{C4889722-69B9-41AC-AA84-5FDEF1252291}.Release|iPhone.ActiveCfg = Release|x86
		{C4889722-69B9-41AC-AA84-5FDEF1252291}.Release|iPhone.Build.0 = Release|x86
		{C4889722-69B9-41AC-AA84-5FDEF1252291}.Release|iPhone.Deploy.0 = Release|x86
		{C4889722-69B9-41AC-AA84-5FDEF1252291}.Release|iPhoneSimulator.ActiveCfg = Release|x86
		{C4889722-69B9-41AC-AA84-5FDEF1252291}.Release|iPhoneSimulator.Build.0 = Release|x86
		{C4889722-69B9-41AC-AA84-5FDEF1252291}.Release|iPhoneSimulator.Deploy.0 = Release|x86
		{C4889722-69B9-41AC-AA84-5FDEF1252291}.Release|x64.ActiveCfg = Release|x64
		{C4889722-69B9-41AC-AA84-5FDEF1252291}.Release|x64.Build.0 = Release|x64
		{C4889722-69B9-41AC-AA84-5FDEF1252291}.Release|x64.Deploy.0 = Release|x64
		{C4889722-69B9-41AC-AA84-5FDEF1252291}.Release|x86.ActiveCfg = Release|x86
		{C4889722-69B9-41AC-AA84-5FDEF1252291}.Release|x86.Build.0 = Release|x86
		{C4889722-69B9-41AC-AA84-5FDEF1252291}.Release|x86.Deploy.0 = Release|x86
		{D79DF25C-6B4F-4824-B2BD-DA2A32131259}.Debug|Any CPU.ActiveCfg = Debug|Any CPU
		{D79DF25C-6B4F-4824-B2BD-DA2A32131259}.Debug|Any CPU.Build.0 = Debug|Any CPU
		{D79DF25C-6B4F-4824-B2BD-DA2A32131259}.Debug|Any CPU.Deploy.0 = Debug|Any CPU
		{D79DF25C-6B4F-4824-B2BD-DA2A32131259}.Debug|ARM.ActiveCfg = Debug|Any CPU
		{D79DF25C-6B4F-4824-B2BD-DA2A32131259}.Debug|ARM.Build.0 = Debug|Any CPU
		{D79DF25C-6B4F-4824-B2BD-DA2A32131259}.Debug|ARM.Deploy.0 = Debug|Any CPU
		{D79DF25C-6B4F-4824-B2BD-DA2A32131259}.Debug|iPhone.ActiveCfg = Debug|Any CPU
		{D79DF25C-6B4F-4824-B2BD-DA2A32131259}.Debug|iPhone.Build.0 = Debug|Any CPU
		{D79DF25C-6B4F-4824-B2BD-DA2A32131259}.Debug|iPhone.Deploy.0 = Debug|Any CPU
		{D79DF25C-6B4F-4824-B2BD-DA2A32131259}.Debug|iPhoneSimulator.ActiveCfg = Debug|Any CPU
		{D79DF25C-6B4F-4824-B2BD-DA2A32131259}.Debug|iPhoneSimulator.Build.0 = Debug|Any CPU
		{D79DF25C-6B4F-4824-B2BD-DA2A32131259}.Debug|iPhoneSimulator.Deploy.0 = Debug|Any CPU
		{D79DF25C-6B4F-4824-B2BD-DA2A32131259}.Debug|x64.ActiveCfg = Debug|Any CPU
		{D79DF25C-6B4F-4824-B2BD-DA2A32131259}.Debug|x64.Build.0 = Debug|Any CPU
		{D79DF25C-6B4F-4824-B2BD-DA2A32131259}.Debug|x64.Deploy.0 = Debug|Any CPU
		{D79DF25C-6B4F-4824-B2BD-DA2A32131259}.Debug|x86.ActiveCfg = Debug|Any CPU
		{D79DF25C-6B4F-4824-B2BD-DA2A32131259}.Debug|x86.Build.0 = Debug|Any CPU
		{D79DF25C-6B4F-4824-B2BD-DA2A32131259}.Debug|x86.Deploy.0 = Debug|Any CPU
		{D79DF25C-6B4F-4824-B2BD-DA2A32131259}.Release|Any CPU.ActiveCfg = Release|Any CPU
		{D79DF25C-6B4F-4824-B2BD-DA2A32131259}.Release|Any CPU.Build.0 = Release|Any CPU
		{D79DF25C-6B4F-4824-B2BD-DA2A32131259}.Release|Any CPU.Deploy.0 = Release|Any CPU
		{D79DF25C-6B4F-4824-B2BD-DA2A32131259}.Release|ARM.ActiveCfg = Release|Any CPU
		{D79DF25C-6B4F-4824-B2BD-DA2A32131259}.Release|ARM.Build.0 = Release|Any CPU
		{D79DF25C-6B4F-4824-B2BD-DA2A32131259}.Release|ARM.Deploy.0 = Release|Any CPU
		{D79DF25C-6B4F-4824-B2BD-DA2A32131259}.Release|iPhone.ActiveCfg = Release|Any CPU
		{D79DF25C-6B4F-4824-B2BD-DA2A32131259}.Release|iPhone.Build.0 = Release|Any CPU
		{D79DF25C-6B4F-4824-B2BD-DA2A32131259}.Release|iPhone.Deploy.0 = Release|Any CPU
		{D79DF25C-6B4F-4824-B2BD-DA2A32131259}.Release|iPhoneSimulator.ActiveCfg = Release|Any CPU
		{D79DF25C-6B4F-4824-B2BD-DA2A32131259}.Release|iPhoneSimulator.Build.0 = Release|Any CPU
		{D79DF25C-6B4F-4824-B2BD-DA2A32131259}.Release|iPhoneSimulator.Deploy.0 = Release|Any CPU
		{D79DF25C-6B4F-4824-B2BD-DA2A32131259}.Release|x64.ActiveCfg = Release|Any CPU
		{D79DF25C-6B4F-4824-B2BD-DA2A32131259}.Release|x64.Build.0 = Release|Any CPU
		{D79DF25C-6B4F-4824-B2BD-DA2A32131259}.Release|x64.Deploy.0 = Release|Any CPU
		{D79DF25C-6B4F-4824-B2BD-DA2A32131259}.Release|x86.ActiveCfg = Release|Any CPU
		{D79DF25C-6B4F-4824-B2BD-DA2A32131259}.Release|x86.Build.0 = Release|Any CPU
		{D79DF25C-6B4F-4824-B2BD-DA2A32131259}.Release|x86.Deploy.0 = Release|Any CPU
		{AC9939F6-AB3F-4EE8-A890-226972801A59}.Debug|Any CPU.ActiveCfg = Debug|iPhoneSimulator
		{AC9939F6-AB3F-4EE8-A890-226972801A59}.Debug|Any CPU.Build.0 = Debug|iPhoneSimulator
		{AC9939F6-AB3F-4EE8-A890-226972801A59}.Debug|Any CPU.Deploy.0 = Debug|iPhoneSimulator
		{AC9939F6-AB3F-4EE8-A890-226972801A59}.Debug|ARM.ActiveCfg = Debug|iPhone
		{AC9939F6-AB3F-4EE8-A890-226972801A59}.Debug|ARM.Build.0 = Debug|iPhone
		{AC9939F6-AB3F-4EE8-A890-226972801A59}.Debug|ARM.Deploy.0 = Debug|iPhone
		{AC9939F6-AB3F-4EE8-A890-226972801A59}.Debug|iPhone.ActiveCfg = Debug|iPhone
		{AC9939F6-AB3F-4EE8-A890-226972801A59}.Debug|iPhone.Build.0 = Debug|iPhone
		{AC9939F6-AB3F-4EE8-A890-226972801A59}.Debug|iPhone.Deploy.0 = Debug|iPhone
		{AC9939F6-AB3F-4EE8-A890-226972801A59}.Debug|iPhoneSimulator.ActiveCfg = Debug|iPhoneSimulator
		{AC9939F6-AB3F-4EE8-A890-226972801A59}.Debug|iPhoneSimulator.Build.0 = Debug|iPhoneSimulator
		{AC9939F6-AB3F-4EE8-A890-226972801A59}.Debug|iPhoneSimulator.Deploy.0 = Debug|iPhoneSimulator
		{AC9939F6-AB3F-4EE8-A890-226972801A59}.Debug|x64.ActiveCfg = Debug|iPhoneSimulator
		{AC9939F6-AB3F-4EE8-A890-226972801A59}.Debug|x64.Build.0 = Debug|iPhoneSimulator
		{AC9939F6-AB3F-4EE8-A890-226972801A59}.Debug|x64.Deploy.0 = Debug|iPhoneSimulator
		{AC9939F6-AB3F-4EE8-A890-226972801A59}.Debug|x86.ActiveCfg = Debug|iPhoneSimulator
		{AC9939F6-AB3F-4EE8-A890-226972801A59}.Debug|x86.Build.0 = Debug|iPhoneSimulator
		{AC9939F6-AB3F-4EE8-A890-226972801A59}.Debug|x86.Deploy.0 = Debug|iPhoneSimulator
		{AC9939F6-AB3F-4EE8-A890-226972801A59}.Release|Any CPU.ActiveCfg = Release|iPhoneSimulator
		{AC9939F6-AB3F-4EE8-A890-226972801A59}.Release|Any CPU.Build.0 = Release|iPhoneSimulator
		{AC9939F6-AB3F-4EE8-A890-226972801A59}.Release|Any CPU.Deploy.0 = Release|iPhoneSimulator
		{AC9939F6-AB3F-4EE8-A890-226972801A59}.Release|ARM.ActiveCfg = Release|iPhoneSimulator
		{AC9939F6-AB3F-4EE8-A890-226972801A59}.Release|ARM.Build.0 = Release|iPhoneSimulator
		{AC9939F6-AB3F-4EE8-A890-226972801A59}.Release|ARM.Deploy.0 = Release|iPhoneSimulator
		{AC9939F6-AB3F-4EE8-A890-226972801A59}.Release|iPhone.ActiveCfg = Release|iPhone
		{AC9939F6-AB3F-4EE8-A890-226972801A59}.Release|iPhone.Build.0 = Release|iPhone
		{AC9939F6-AB3F-4EE8-A890-226972801A59}.Release|iPhone.Deploy.0 = Release|iPhone
		{AC9939F6-AB3F-4EE8-A890-226972801A59}.Release|iPhoneSimulator.ActiveCfg = Release|iPhoneSimulator
		{AC9939F6-AB3F-4EE8-A890-226972801A59}.Release|iPhoneSimulator.Build.0 = Release|iPhoneSimulator
		{AC9939F6-AB3F-4EE8-A890-226972801A59}.Release|iPhoneSimulator.Deploy.0 = Release|iPhoneSimulator
		{AC9939F6-AB3F-4EE8-A890-226972801A59}.Release|x64.ActiveCfg = Release|iPhoneSimulator
		{AC9939F6-AB3F-4EE8-A890-226972801A59}.Release|x64.Build.0 = Release|iPhoneSimulator
		{AC9939F6-AB3F-4EE8-A890-226972801A59}.Release|x64.Deploy.0 = Release|iPhoneSimulator
		{AC9939F6-AB3F-4EE8-A890-226972801A59}.Release|x86.ActiveCfg = Release|iPhoneSimulator
		{AC9939F6-AB3F-4EE8-A890-226972801A59}.Release|x86.Build.0 = Release|iPhoneSimulator
		{AC9939F6-AB3F-4EE8-A890-226972801A59}.Release|x86.Deploy.0 = Release|iPhoneSimulator
		{4FA95363-1889-4F7D-8093-8BBFBE775AB8}.Debug|Any CPU.ActiveCfg = Debug|Any CPU
		{4FA95363-1889-4F7D-8093-8BBFBE775AB8}.Debug|Any CPU.Build.0 = Debug|Any CPU
		{4FA95363-1889-4F7D-8093-8BBFBE775AB8}.Debug|Any CPU.Deploy.0 = Debug|Any CPU
		{4FA95363-1889-4F7D-8093-8BBFBE775AB8}.Debug|ARM.ActiveCfg = Debug|Any CPU
		{4FA95363-1889-4F7D-8093-8BBFBE775AB8}.Debug|ARM.Build.0 = Debug|Any CPU
		{4FA95363-1889-4F7D-8093-8BBFBE775AB8}.Debug|ARM.Deploy.0 = Debug|Any CPU
		{4FA95363-1889-4F7D-8093-8BBFBE775AB8}.Debug|iPhone.ActiveCfg = Debug|Any CPU
		{4FA95363-1889-4F7D-8093-8BBFBE775AB8}.Debug|iPhone.Build.0 = Debug|Any CPU
		{4FA95363-1889-4F7D-8093-8BBFBE775AB8}.Debug|iPhone.Deploy.0 = Debug|Any CPU
		{4FA95363-1889-4F7D-8093-8BBFBE775AB8}.Debug|iPhoneSimulator.ActiveCfg = Debug|Any CPU
		{4FA95363-1889-4F7D-8093-8BBFBE775AB8}.Debug|iPhoneSimulator.Build.0 = Debug|Any CPU
		{4FA95363-1889-4F7D-8093-8BBFBE775AB8}.Debug|iPhoneSimulator.Deploy.0 = Debug|Any CPU
		{4FA95363-1889-4F7D-8093-8BBFBE775AB8}.Debug|x64.ActiveCfg = Debug|Any CPU
		{4FA95363-1889-4F7D-8093-8BBFBE775AB8}.Debug|x64.Build.0 = Debug|Any CPU
		{4FA95363-1889-4F7D-8093-8BBFBE775AB8}.Debug|x64.Deploy.0 = Debug|Any CPU
		{4FA95363-1889-4F7D-8093-8BBFBE775AB8}.Debug|x86.ActiveCfg = Debug|Any CPU
		{4FA95363-1889-4F7D-8093-8BBFBE775AB8}.Debug|x86.Build.0 = Debug|Any CPU
		{4FA95363-1889-4F7D-8093-8BBFBE775AB8}.Debug|x86.Deploy.0 = Debug|Any CPU
		{4FA95363-1889-4F7D-8093-8BBFBE775AB8}.Release|Any CPU.ActiveCfg = Release|Any CPU
		{4FA95363-1889-4F7D-8093-8BBFBE775AB8}.Release|Any CPU.Build.0 = Release|Any CPU
		{4FA95363-1889-4F7D-8093-8BBFBE775AB8}.Release|Any CPU.Deploy.0 = Release|Any CPU
		{4FA95363-1889-4F7D-8093-8BBFBE775AB8}.Release|ARM.ActiveCfg = Release|Any CPU
		{4FA95363-1889-4F7D-8093-8BBFBE775AB8}.Release|ARM.Build.0 = Release|Any CPU
		{4FA95363-1889-4F7D-8093-8BBFBE775AB8}.Release|ARM.Deploy.0 = Release|Any CPU
		{4FA95363-1889-4F7D-8093-8BBFBE775AB8}.Release|iPhone.ActiveCfg = Release|Any CPU
		{4FA95363-1889-4F7D-8093-8BBFBE775AB8}.Release|iPhone.Build.0 = Release|Any CPU
		{4FA95363-1889-4F7D-8093-8BBFBE775AB8}.Release|iPhone.Deploy.0 = Release|Any CPU
		{4FA95363-1889-4F7D-8093-8BBFBE775AB8}.Release|iPhoneSimulator.ActiveCfg = Release|Any CPU
		{4FA95363-1889-4F7D-8093-8BBFBE775AB8}.Release|iPhoneSimulator.Build.0 = Release|Any CPU
		{4FA95363-1889-4F7D-8093-8BBFBE775AB8}.Release|iPhoneSimulator.Deploy.0 = Release|Any CPU
		{4FA95363-1889-4F7D-8093-8BBFBE775AB8}.Release|x64.ActiveCfg = Release|Any CPU
		{4FA95363-1889-4F7D-8093-8BBFBE775AB8}.Release|x64.Build.0 = Release|Any CPU
		{4FA95363-1889-4F7D-8093-8BBFBE775AB8}.Release|x64.Deploy.0 = Release|Any CPU
		{4FA95363-1889-4F7D-8093-8BBFBE775AB8}.Release|x86.ActiveCfg = Release|Any CPU
		{4FA95363-1889-4F7D-8093-8BBFBE775AB8}.Release|x86.Build.0 = Release|Any CPU
		{4FA95363-1889-4F7D-8093-8BBFBE775AB8}.Release|x86.Deploy.0 = Release|Any CPU
	EndGlobalSection
	GlobalSection(SolutionProperties) = preSolution
		HideSolutionNode = FALSE
	EndGlobalSection
	GlobalSection(ExtensibilityGlobals) = postSolution
		SolutionGuid = {6BEE98D2-3944-4FE1-931F-8C5ECBD0B8DD}
	EndGlobalSection
EndGlobal
